
Microsoft Visual Studio Solution File, Format Version 12.00
# Visual Studio Version 17
VisualStudioVersion = 17.7.34031.279
MinimumVisualStudioVersion = 10.0.40219.1
Project("{FAE04EC0-301F-11D3-BF4B-00C04F79EFBC}") = "EPI_Manager", "EPI_Manager\EPI_Manager.csproj", "{6235B22D-8695-4C20-8E66-BA449FCA2D7F}"
EndProject
Global
	GlobalSection(SolutionConfigurationPlatforms) = preSolution
		Debug|Any CPU = Debug|Any CPU
		Release|Any CPU = Release|Any CPU
	EndGlobalSection
	GlobalSection(ProjectConfigurationPlatforms) = postSolution
		{6235B22D-8695-4C20-8E66-BA449FCA2D7F}.Debug|Any CPU.ActiveCfg = Debug|Any CPU
		{6235B22D-8695-4C20-8E66-BA449FCA2D7F}.Debug|Any CPU.Build.0 = Debug|Any CPU
		{6235B22D-8695-4C20-8E66-BA449FCA2D7F}.Release|Any CPU.ActiveCfg = Release|Any CPU
		{6235B22D-8695-4C20-8E66-BA449FCA2D7F}.Release|Any CPU.Build.0 = Release|Any CPU
	EndGlobalSection
	GlobalSection(SolutionProperties) = preSolution
		HideSolutionNode = FALSE
	EndGlobalSection
	GlobalSection(ExtensibilityGlobals) = postSolution
		SolutionGuid = {1D2272B8-D914-408C-81A8-4DF13DF8D11B}
	EndGlobalSection
EndGlobal
